// !$*UTF8*$!
{
	archiveVersion = 1;
	classes = {
	};
	objectVersion = 46;
	objects = {

/* Begin PBXBuildFile section */
		F70BEFBF1A9F8EF400DD0A3B /* main.m in Sources */ = {isa = PBXBuildFile; fileRef = F70BEFBE1A9F8EF400DD0A3B /* main.m */; };
		F70BEFC21A9F8EF400DD0A3B /* AppDelegate.m in Sources */ = {isa = PBXBuildFile; fileRef = F70BEFC11A9F8EF400DD0A3B /* AppDelegate.m */; };
		F70BEFC51A9F8EF400DD0A3B /* ViewController.m in Sources */ = {isa = PBXBuildFile; fileRef = F70BEFC41A9F8EF400DD0A3B /* ViewController.m */; };
		F70BEFC81A9F8EF400DD0A3B /* Main.storyboard in Resources */ = {isa = PBXBuildFile; fileRef = F70BEFC61A9F8EF400DD0A3B /* Main.storyboard */; };
		F70BEFCA1A9F8EF400DD0A3B /* Images.xcassets in Resources */ = {isa = PBXBuildFile; fileRef = F70BEFC91A9F8EF400DD0A3B /* Images.xcassets */; };
		F70BEFCD1A9F8EF400DD0A3B /* LaunchScreen.xib in Resources */ = {isa = PBXBuildFile; fileRef = F70BEFCB1A9F8EF400DD0A3B /* LaunchScreen.xib */; };
		F70BEFD91A9F8EF400DD0A3B /* TableViewTests.m in Sources */ = {isa = PBXBuildFile; fileRef = F70BEFD81A9F8EF400DD0A3B /* TableViewTests.m */; };
		F7B827AC1AAFB79F0030DE69 /* Item.m in Sources */ = {isa = PBXBuildFile; fileRef = F7B827AB1AAFB79F0030DE69 /* Item.m */; };
		F7B827B11AAFBF1B0030DE69 /* ItemTableViewCell.m in Sources */ = {isa = PBXBuildFile; fileRef = F7B827AF1AAFBF1B0030DE69 /* ItemTableViewCell.m */; };
		F7B827B21AAFBF1B0030DE69 /* ItemTableViewCell.xib in Resources */ = {isa = PBXBuildFile; fileRef = F7B827B01AAFBF1B0030DE69 /* ItemTableViewCell.xib */; };
/* End PBXBuildFile section */

/* Begin PBXContainerItemProxy section */
		F70BEFD31A9F8EF400DD0A3B /* PBXContainerItemProxy */ = {
			isa = PBXContainerItemProxy;
			containerPortal = F70BEFB11A9F8EF400DD0A3B /* Project object */;
			proxyType = 1;
			remoteGlobalIDString = F70BEFB81A9F8EF400DD0A3B;
			remoteInfo = TableView;
		};
/* End PBXContainerItemProxy section */

/* Begin PBXFileReference section */
		F70BEFB91A9F8EF400DD0A3B /* TableView.app */ = {isa = PBXFileReference; explicitFileType = wrapper.application; includeInIndex = 0; path = TableView.app; sourceTree = BUILT_PRODUCTS_DIR; };
		F70BEFBD1A9F8EF400DD0A3B /* Info.plist */ = {isa = PBXFileReference; lastKnownFileType = text.plist.xml; path = Info.plist; sourceTree = "<group>"; };
		F70BEFBE1A9F8EF400DD0A3B /* main.m */ = {isa = PBXFileReference; lastKnownFileType = sourcecode.c.objc; path = main.m; sourceTree = "<group>"; };
		F70BEFC01A9F8EF400DD0A3B /* AppDelegate.h */ = {isa = PBXFileReference; lastKnownFileType = sourcecode.c.h; path = AppDelegate.h; sourceTree = "<group>"; };
		F70BEFC11A9F8EF400DD0A3B /* AppDelegate.m */ = {isa = PBXFileReference; lastKnownFileType = sourcecode.c.objc; path = AppDelegate.m; sourceTree = "<group>"; };
		F70BEFC31A9F8EF400DD0A3B /* ViewController.h */ = {isa = PBXFileReference; lastKnownFileType = sourcecode.c.h; path = ViewController.h; sourceTree = "<group>"; };
		F70BEFC41A9F8EF400DD0A3B /* ViewController.m */ = {isa = PBXFileReference; lastKnownFileType = sourcecode.c.objc; path = ViewController.m; sourceTree = "<group>"; };
		F70BEFC71A9F8EF400DD0A3B /* Base */ = {isa = PBXFileReference; lastKnownFileType = file.storyboard; name = Base; path = Base.lproj/Main.storyboard; sourceTree = "<group>"; };
		F70BEFC91A9F8EF400DD0A3B /* Images.xcassets */ = {isa = PBXFileReference; lastKnownFileType = folder.assetcatalog; path = Images.xcassets; sourceTree = "<group>"; };
		F70BEFCC1A9F8EF400DD0A3B /* Base */ = {isa = PBXFileReference; lastKnownFileType = file.xib; name = Base; path = Base.lproj/LaunchScreen.xib; sourceTree = "<group>"; };
		F70BEFD21A9F8EF400DD0A3B /* TableViewTests.xctest */ = {isa = PBXFileReference; explicitFileType = wrapper.cfbundle; includeInIndex = 0; path = TableViewTests.xctest; sourceTree = BUILT_PRODUCTS_DIR; };
		F70BEFD71A9F8EF400DD0A3B /* Info.plist */ = {isa = PBXFileReference; lastKnownFileType = text.plist.xml; path = Info.plist; sourceTree = "<group>"; };
		F70BEFD81A9F8EF400DD0A3B /* TableViewTests.m */ = {isa = PBXFileReference; lastKnownFileType = sourcecode.c.objc; path = TableViewTests.m; sourceTree = "<group>"; };
		F7B827AA1AAFB79F0030DE69 /* Item.h */ = {isa = PBXFileReference; fileEncoding = 4; lastKnownFileType = sourcecode.c.h; path = Item.h; sourceTree = "<group>"; };
		F7B827AB1AAFB79F0030DE69 /* Item.m */ = {isa = PBXFileReference; fileEncoding = 4; lastKnownFileType = sourcecode.c.objc; path = Item.m; sourceTree = "<group>"; };
		F7B827AE1AAFBF1B0030DE69 /* ItemTableViewCell.h */ = {isa = PBXFileReference; fileEncoding = 4; lastKnownFileType = sourcecode.c.h; path = ItemTableViewCell.h; sourceTree = "<group>"; };
		F7B827AF1AAFBF1B0030DE69 /* ItemTableViewCell.m */ = {isa = PBXFileReference; fileEncoding = 4; lastKnownFileType = sourcecode.c.objc; path = ItemTableViewCell.m; sourceTree = "<group>"; };
		F7B827B01AAFBF1B0030DE69 /* ItemTableViewCell.xib */ = {isa = PBXFileReference; fileEncoding = 4; lastKnownFileType = file.xib; path = ItemTableViewCell.xib; sourceTree = "<group>"; };
/* End PBXFileReference section */

/* Begin PBXFrameworksBuildPhase section */
		F70BEFB61A9F8EF400DD0A3B /* Frameworks */ = {
			isa = PBXFrameworksBuildPhase;
			buildActionMask = 2147483647;
			files = (
			);
			runOnlyForDeploymentPostprocessing = 0;
		};
		F70BEFCF1A9F8EF400DD0A3B /* Frameworks */ = {
			isa = PBXFrameworksBuildPhase;
			buildActionMask = 2147483647;
			files = (
			);
			runOnlyForDeploymentPostprocessing = 0;
		};
/* End PBXFrameworksBuildPhase section */

/* Begin PBXGroup section */
		F70BEFB01A9F8EF400DD0A3B = {
			isa = PBXGroup;
			children = (
				F70BEFBB1A9F8EF400DD0A3B /* TableView */,
				F70BEFD51A9F8EF400DD0A3B /* TableViewTests */,
				F70BEFBA1A9F8EF400DD0A3B /* Products */,
			);
			sourceTree = "<group>";
		};
		F70BEFBA1A9F8EF400DD0A3B /* Products */ = {
			isa = PBXGroup;
			children = (
				F70BEFB91A9F8EF400DD0A3B /* TableView.app */,
				F70BEFD21A9F8EF400DD0A3B /* TableViewTests.xctest */,
			);
			name = Products;
			sourceTree = "<group>";
		};
		F70BEFBB1A9F8EF400DD0A3B /* TableView */ = {
			isa = PBXGroup;
			children = (
				F70BEFC01A9F8EF400DD0A3B /* AppDelegate.h */,
				F70BEFC11A9F8EF400DD0A3B /* AppDelegate.m */,
				F70BEFC31A9F8EF400DD0A3B /* ViewController.h */,
				F70BEFC41A9F8EF400DD0A3B /* ViewController.m */,
				F7B827AD1AAFB7AF0030DE69 /* Item */,
				F70BEFC61A9F8EF400DD0A3B /* Main.storyboard */,
				F70BEFC91A9F8EF400DD0A3B /* Images.xcassets */,
				F70BEFCB1A9F8EF400DD0A3B /* LaunchScreen.xib */,
				F70BEFBC1A9F8EF400DD0A3B /* Supporting Files */,
			);
			path = TableView;
			sourceTree = "<group>";
		};
		F70BEFBC1A9F8EF400DD0A3B /* Supporting Files */ = {
			isa = PBXGroup;
			children = (
				F70BEFBD1A9F8EF400DD0A3B /* Info.plist */,
				F70BEFBE1A9F8EF400DD0A3B /* main.m */,
			);
			name = "Supporting Files";
			sourceTree = "<group>";
		};
		F70BEFD51A9F8EF400DD0A3B /* TableViewTests */ = {
			isa = PBXGroup;
			children = (
				F70BEFD81A9F8EF400DD0A3B /* TableViewTests.m */,
				F70BEFD61A9F8EF400DD0A3B /* Supporting Files */,
			);
			path = TableViewTests;
			sourceTree = "<group>";
		};
		F70BEFD61A9F8EF400DD0A3B /* Supporting Files */ = {
			isa = PBXGroup;
			children = (
				F70BEFD71A9F8EF400DD0A3B /* Info.plist */,
			);
			name = "Supporting Files";
			sourceTree = "<group>";
		};
		F7B827AD1AAFB7AF0030DE69 /* Item */ = {
			isa = PBXGroup;
			children = (
				F7B827AA1AAFB79F0030DE69 /* Item.h */,
				F7B827AB1AAFB79F0030DE69 /* Item.m */,
				F7B827B31AAFBF1F0030DE69 /* Cell */,
			);
			name = Item;
			sourceTree = "<group>";
		};
		F7B827B31AAFBF1F0030DE69 /* Cell */ = {
			isa = PBXGroup;
			children = (
				F7B827AE1AAFBF1B0030DE69 /* ItemTableViewCell.h */,
				F7B827AF1AAFBF1B0030DE69 /* ItemTableViewCell.m */,
				F7B827B01AAFBF1B0030DE69 /* ItemTableViewCell.xib */,
			);
			name = Cell;
			sourceTree = "<group>";
		};
/* End PBXGroup section */

/* Begin PBXNativeTarget section */
		F70BEFB81A9F8EF400DD0A3B /* TableView */ = {
			isa = PBXNativeTarget;
			buildConfigurationList = F70BEFDC1A9F8EF400DD0A3B /* Build configuration list for PBXNativeTarget "TableView" */;
			buildPhases = (
				F70BEFB51A9F8EF400DD0A3B /* Sources */,
				F70BEFB61A9F8EF400DD0A3B /* Frameworks */,
				F70BEFB71A9F8EF400DD0A3B /* Resources */,
			);
			buildRules = (
			);
			dependencies = (
			);
			name = TableView;
			productName = TableView;
			productReference = F70BEFB91A9F8EF400DD0A3B /* TableView.app */;
			productType = "com.apple.product-type.application";
		};
		F70BEFD11A9F8EF400DD0A3B /* TableViewTests */ = {
			isa = PBXNativeTarget;
			buildConfigurationList = F70BEFDF1A9F8EF400DD0A3B /* Build configuration list for PBXNativeTarget "TableViewTests" */;
			buildPhases = (
				F70BEFCE1A9F8EF400DD0A3B /* Sources */,
				F70BEFCF1A9F8EF400DD0A3B /* Frameworks */,
				F70BEFD01A9F8EF400DD0A3B /* Resources */,
			);
			buildRules = (
			);
			dependencies = (
				F70BEFD41A9F8EF400DD0A3B /* PBXTargetDependency */,
			);
			name = TableViewTests;
			productName = TableViewTests;
			productReference = F70BEFD21A9F8EF400DD0A3B /* TableViewTests.xctest */;
			productType = "com.apple.product-type.bundle.unit-test";
		};
/* End PBXNativeTarget section */

/* Begin PBXProject section */
		F70BEFB11A9F8EF400DD0A3B /* Project object */ = {
			isa = PBXProject;
			attributes = {
				LastUpgradeCheck = 0610;
				ORGANIZATIONNAME = "Janum Trivedi";
				TargetAttributes = {
					F70BEFB81A9F8EF400DD0A3B = {
						CreatedOnToolsVersion = 6.1.1;
					};
					F70BEFD11A9F8EF400DD0A3B = {
						CreatedOnToolsVersion = 6.1.1;
						TestTargetID = F70BEFB81A9F8EF400DD0A3B;
					};
				};
			};
			buildConfigurationList = F70BEFB41A9F8EF400DD0A3B /* Build configuration list for PBXProject "TableView" */;
			compatibilityVersion = "Xcode 3.2";
			developmentRegion = English;
			hasScannedForEncodings = 0;
			knownRegions = (
				en,
				Base,
			);
			mainGroup = F70BEFB01A9F8EF400DD0A3B;
			productRefGroup = F70BEFBA1A9F8EF400DD0A3B /* Products */;
			projectDirPath = "";
			projectRoot = "";
			targets = (
				F70BEFB81A9F8EF400DD0A3B /* TableView */,
				F70BEFD11A9F8EF400DD0A3B /* TableViewTests */,
			);
		};
/* End PBXProject section */

/* Begin PBXResourcesBuildPhase section */
		F70BEFB71A9F8EF400DD0A3B /* Resources */ = {
			isa = PBXResourcesBuildPhase;
			buildActionMask = 2147483647;
			files = (
				F7B827B21AAFBF1B0030DE69 /* ItemTableViewCell.xib in Resources */,
				F70BEFC81A9F8EF400DD0A3B /* Main.storyboard in Resources */,
				F70BEFCD1A9F8EF400DD0A3B /* LaunchScreen.xib in Resources */,
				F70BEFCA1A9F8EF400DD0A3B /* Images.xcassets in Resources */,
			);
			runOnlyForDeploymentPostprocessing = 0;
		};
		F70BEFD01A9F8EF400DD0A3B /* Resources */ = {
			isa = PBXResourcesBuildPhase;
			buildActionMask = 2147483647;
			files = (
			);
			runOnlyForDeploymentPostprocessing = 0;
		};
/* End PBXResourcesBuildPhase section */

/* Begin PBXSourcesBuildPhase section */
		F70BEFB51A9F8EF400DD0A3B /* Sources */ = {
			isa = PBXSourcesBuildPhase;
			buildActionMask = 2147483647;
			files = (
				F7B827AC1AAFB79F0030DE69 /* Item.m in Sources */,
				F70BEFC51A9F8EF400DD0A3B /* ViewController.m in Sources */,
				F7B827B11AAFBF1B0030DE69 /* ItemTableViewCell.m in Sources */,
				F70BEFC21A9F8EF400DD0A3B /* AppDelegate.m in Sources */,
				F70BEFBF1A9F8EF400DD0A3B /* main.m in Sources */,
			);
			runOnlyForDeploymentPostprocessing = 0;
		};
		F70BEFCE1A9F8EF400DD0A3B /* Sources */ = {
			isa = PBXSourcesBuildPhase;
			buildActionMask = 2147483647;
			files = (
				F70BEFD91A9F8EF400DD0A3B /* TableViewTests.m in Sources */,
			);
			runOnlyForDeploymentPostprocessing = 0;
		};
/* End PBXSourcesBuildPhase section */

/* Begin PBXTargetDependency section */
		F70BEFD41A9F8EF400DD0A3B /* PBXTargetDependency */ = {
			isa = PBXTargetDependency;
			target = F70BEFB81A9F8EF400DD0A3B /* TableView */;
			targetProxy = F70BEFD31A9F8EF400DD0A3B /* PBXContainerItemProxy */;
		};
/* End PBXTargetDependency section */

/* Begin PBXVariantGroup section */
		F70BEFC61A9F8EF400DD0A3B /* Main.storyboard */ = {
			isa = PBXVariantGroup;
			children = (
				F70BEFC71A9F8EF400DD0A3B /* Base */,
			);
			name = Main.storyboard;
			sourceTree = "<group>";
		};
		F70BEFCB1A9F8EF400DD0A3B /* LaunchScreen.xib */ = {
			isa = PBXVariantGroup;
			children = (
				F70BEFCC1A9F8EF400DD0A3B /* Base */,
			);
			name = LaunchScreen.xib;
			sourceTree = "<group>";
		};
/* End PBXVariantGroup section */

/* Begin XCBuildConfiguration section */
		F70BEFDA1A9F8EF400DD0A3B /* Debug */ = {
			isa = XCBuildConfiguration;
			buildSettings = {
				ALWAYS_SEARCH_USER_PATHS = NO;
				CLANG_CXX_LANGUAGE_STANDARD = "gnu++0x";
				CLANG_CXX_LIBRARY = "libc++";
				CLANG_ENABLE_MODULES = YES;
				CLANG_ENABLE_OBJC_ARC = YES;
				CLANG_WARN_BOOL_CONVERSION = YES;
				CLANG_WARN_CONSTANT_CONVERSION = YES;
				CLANG_WARN_DIRECT_OBJC_ISA_USAGE = YES_ERROR;
				CLANG_WARN_EMPTY_BODY = YES;
				CLANG_WARN_ENUM_CONVERSION = YES;
				CLANG_WARN_INT_CONVERSION = YES;
				CLANG_WARN_OBJC_ROOT_CLASS = YES_ERROR;
				CLANG_WARN_UNREACHABLE_CODE = YES;
				CLANG_WARN__DUPLICATE_METHOD_MATCH = YES;
				"CODE_SIGN_IDENTITY[sdk=iphoneos*]" = "iPhone Developer";
				COPY_PHASE_STRIP = NO;
				ENABLE_STRICT_OBJC_MSGSEND = YES;
				GCC_C_LANGUAGE_STANDARD = gnu99;
				GCC_DYNAMIC_NO_PIC = NO;
				GCC_OPTIMIZATION_LEVEL = 0;
				GCC_PREPROCESSOR_DEFINITIONS = (
					"DEBUG=1",
					"$(inherited)",
				);
				GCC_SYMBOLS_PRIVATE_EXTERN = NO;
				GCC_WARN_64_TO_32_BIT_CONVERSION = YES;
				GCC_WARN_ABOUT_RETURN_TYPE = YES_ERROR;
				GCC_WARN_UNDECLARED_SELECTOR = YES;
				GCC_WARN_UNINITIALIZED_AUTOS = YES_AGGRESSIVE;
				GCC_WARN_UNUSED_FUNCTION = YES;
				GCC_WARN_UNUSED_VARIABLE = YES;
				IPHONEOS_DEPLOYMENT_TARGET = 8.1;
				MTL_ENABLE_DEBUG_INFO = YES;
				ONLY_ACTIVE_ARCH = YES;
				SDKROOT = iphoneos;
			};
			name = Debug;
		};
		F70BEFDB1A9F8EF400DD0A3B /* Release */ = {
			isa = XCBuildConfiguration;
			buildSettings = {
				ALWAYS_SEARCH_USER_PATHS = NO;
				CLANG_CXX_LANGUAGE_STANDARD = "gnu++0x";
				CLANG_CXX_LIBRARY = "libc++";
				CLANG_ENABLE_MODULES = YES;
				CLANG_ENABLE_OBJC_ARC = YES;
				CLANG_WARN_BOOL_CONVERSION = YES;
				CLANG_WARN_CONSTANT_CONVERSION = YES;
				CLANG_WARN_DIRECT_OBJC_ISA_USAGE = YES_ERROR;
				CLANG_WARN_EMPTY_BODY = YES;
				CLANG_WARN_ENUM_CONVERSION = YES;
				CLANG_WARN_INT_CONVERSION = YES;
				CLANG_WARN_OBJC_ROOT_CLASS = YES_ERROR;
				CLANG_WARN_UNREACHABLE_CODE = YES;
				CLANG_WARN__DUPLICATE_METHOD_MATCH = YES;
				"CODE_SIGN_IDENTITY[sdk=iphoneos*]" = "iPhone Developer";
				COPY_PHASE_STRIP = YES;
				ENABLE_NS_ASSERTIONS = NO;
				ENABLE_STRICT_OBJC_MSGSEND = YES;
				GCC_C_LANGUAGE_STANDARD = gnu99;
				GCC_WARN_64_TO_32_BIT_CONVERSION = YES;
				GCC_WARN_ABOUT_RETURN_TYPE = YES_ERROR;
				GCC_WARN_UNDECLARED_SELECTOR = YES;
				GCC_WARN_UNINITIALIZED_AUTOS = YES_AGGRESSIVE;
				GCC_WARN_UNUSED_FUNCTION = YES;
				GCC_WARN_UNUSED_VARIABLE = YES;
				IPHONEOS_DEPLOYMENT_TARGET = 8.1;
				MTL_ENABLE_DEBUG_INFO = NO;
				SDKROOT = iphoneos;
				VALIDATE_PRODUCT = YES;
			};
			name = Release;
		};
		F70BEFDD1A9F8EF400DD0A3B /* Debug */ = {
			isa = XCBuildConfiguration;
			buildSettings = {
				ASSETCATALOG_COMPILER_APPICON_NAME = AppIcon;
				INFOPLIST_FILE = TableView/Info.plist;
				LD_RUNPATH_SEARCH_PATHS = "$(inherited) @executable_path/Frameworks";
				PRODUCT_NAME = "$(TARGET_NAME)";
			};
			name = Debug;
		};
		F70BEFDE1A9F8EF400DD0A3B /* Release */ = {
			isa = XCBuildConfiguration;
			buildSettings = {
				ASSETCATALOG_COMPILER_APPICON_NAME = AppIcon;
				INFOPLIST_FILE = TableView/Info.plist;
				LD_RUNPATH_SEARCH_PATHS = "$(inherited) @executable_path/Frameworks";
				PRODUCT_NAME = "$(TARGET_NAME)";
			};
			name = Release;
		};
		F70BEFE01A9F8EF400DD0A3B /* Debug */ = {
			isa = XCBuildConfiguration;
			buildSettings = {
				BUNDLE_LOADER = "$(TEST_HOST)";
				FRAMEWORK_SEARCH_PATHS = (
					"$(SDKROOT)/Developer/Library/Frameworks",
					"$(inherited)",
				);
				GCC_PREPROCESSOR_DEFINITIONS = (
					"DEBUG=1",
					"$(inherited)",
				);
				INFOPLIST_FILE = TableViewTests/Info.plist;
				LD_RUNPATH_SEARCH_PATHS = "$(inherited) @executable_path/Frameworks @loader_path/Frameworks";
				PRODUCT_NAME = "$(TARGET_NAME)";
				TEST_HOST = "$(BUILT_PRODUCTS_DIR)/TableView.app/TableView";
			};
			name = Debug;
		};
		F70BEFE11A9F8EF400DD0A3B /* Release */ = {
			isa = XCBuildConfiguration;
			buildSettings = {
				BUNDLE_LOADER = "$(TEST_HOST)";
				FRAMEWORK_SEARCH_PATHS = (
					"$(SDKROOT)/Developer/Library/Frameworks",
					"$(inherited)",
				);
				INFOPLIST_FILE = TableViewTests/Info.plist;
				LD_RUNPATH_SEARCH_PATHS = "$(inherited) @executable_path/Frameworks @loader_path/Frameworks";
				PRODUCT_NAME = "$(TARGET_NAME)";
				TEST_HOST = "$(BUILT_PRODUCTS_DIR)/TableView.app/TableView";
			};
			name = Release;
		};
/* End XCBuildConfiguration section */

/* Begin XCConfigurationList section */
		F70BEFB41A9F8EF400DD0A3B /* Build configuration list for PBXProject "TableView" */ = {
			isa = XCConfigurationList;
			buildConfigurations = (
				F70BEFDA1A9F8EF400DD0A3B /* Debug */,
				F70BEFDB1A9F8EF400DD0A3B /* Release */,
			);
			defaultConfigurationIsVisible = 0;
			defaultConfigurationName = Release;
		};
		F70BEFDC1A9F8EF400DD0A3B /* Build configuration list for PBXNativeTarget "TableView" */ = {
			isa = XCConfigurationList;
			buildConfigurations = (
				F70BEFDD1A9F8EF400DD0A3B /* Debug */,
				F70BEFDE1A9F8EF400DD0A3B /* Release */,
			);
			defaultConfigurationIsVisible = 0;
			defaultConfigurationName = Release;
		};
		F70BEFDF1A9F8EF400DD0A3B /* Build configuration list for PBXNativeTarget "TableViewTests" */ = {
			isa = XCConfigurationList;
			buildConfigurations = (
				F70BEFE01A9F8EF400DD0A3B /* Debug */,
				F70BEFE11A9F8EF400DD0A3B /* Release */,
			);
			defaultConfigurationIsVisible = 0;
			defaultConfigurationName = Release;
		};
/* End XCConfigurationList section */
	};
	rootObject = F70BEFB11A9F8EF400DD0A3B /* Project object */;
}
